{
  "name": "sample-webrtc-planning-poker",
  "version": "1.0.0",
  "lockfileVersion": 1,
  "dependencies": {
    "@types/jquery": {
      "version": "2.0.45",
      "resolved": "https://registry.npmjs.org/@types/jquery/-/jquery-2.0.45.tgz",
      "integrity": "sha1-y5kTOqwdmXqCDWz3JYyRKRwKKt8=",
      "dev": true
    },
    "@types/materialize-css": {
      "version": "0.98.1",
      "resolved": "https://registry.npmjs.org/@types/materialize-css/-/materialize-css-0.98.1.tgz",
      "integrity": "sha512-+LN5JHppB0N0GMhCUdnab4QBDbBQKR5PKI8u+VF7o4Kfzj3jw8oy6SGd4ZofbY/ayEs4HQ4wBKadKvVvtLY36g==",
      "dev": true
    },
    "@types/peerjs": {
      "version": "0.0.28",
      "resolved": "https://registry.npmjs.org/@types/peerjs/-/peerjs-0.0.28.tgz",
      "integrity": "sha1-Z3wdxzAiAWLL+lAcDudf9+Sw92Q=",
      "dev": true
    },
    "@types/pickadate": {
      "version": "3.5.29",
      "resolved": "https://registry.npmjs.org/@types/pickadate/-/pickadate-3.5.29.tgz",
      "integrity": "sha512-OGdNY9jPQtjBEcHKuekVd3JCAzOTiNktEQKJMy+mVbMp+JHwBi1N9CxPJmX5LROPBGmCn/McY8kwvCLCJ/V9Rw==",
      "dev": true
    },
    "@types/webrtc": {
      "version": "0.0.21",
      "resolved": "https://registry.npmjs.org/@types/webrtc/-/webrtc-0.0.21.tgz",
      "integrity": "sha1-vDz7fiKt0oR2Hl1j761mSw66i4Y=",
      "dev": true
    },
    "buffer-crc32": {
      "version": "https://registry.npmjs.org/buffer-crc32/-/buffer-crc32-0.2.1.tgz",
      "integrity": "sha1-vj5TgvwCttYySVasGvmKqYsIU0w="
    },
    "bytes": {
      "version": "https://registry.npmjs.org/bytes/-/bytes-0.2.0.tgz",
      "integrity": "sha1-qtM+wU49wsp06OfUUfm6BTrU96A="
    },
    "commander": {
      "version": "https://registry.npmjs.org/commander/-/commander-1.2.0.tgz",
      "integrity": "sha1-/VcTv6FTx9bMWZN4patMRcU1Ap4="
    },
    "connect": {
      "version": "https://registry.npmjs.org/connect/-/connect-2.8.8.tgz",
      "integrity": "sha1-uav4yvC9l3PLPeopNEEZhyWCRG0="
    },
    "cookie": {
      "version": "https://registry.npmjs.org/cookie/-/cookie-0.1.0.tgz",
      "integrity": "sha1-kOtGndzpBchm3mh+/EMTHYgB+dA="
    },
    "cookie-signature": {
      "version": "https://registry.npmjs.org/cookie-signature/-/cookie-signature-1.0.1.tgz",
      "integrity": "sha1-ROByFIrwHm6OJK+/EmkNaK5pjss="
    },
    "debug": {
      "version": "https://registry.npmjs.org/debug/-/debug-2.6.4.tgz",
      "integrity": "sha1-dYaps8OXQcAoKuM0RcTorHRzT+A="
    },
    "express": {
      "version": "https://registry.npmjs.org/express/-/express-3.3.8.tgz",
      "integrity": "sha1-jpisMNgfTJW4XXHSr2z4T2LvGb0="
    },
    "formidable": {
      "version": "https://registry.npmjs.org/formidable/-/formidable-1.0.14.tgz",
      "integrity": "sha1-Kz9MQRy7X91pXESEPiojUUpDIxo="
    },
    "fresh": {
      "version": "https://registry.npmjs.org/fresh/-/fresh-0.2.0.tgz",
      "integrity": "sha1-v9lALPPfEsSkwxDHn5mj3eE9NKc="
    },
    "keypress": {
      "version": "https://registry.npmjs.org/keypress/-/keypress-0.1.0.tgz",
      "integrity": "sha1-SjGI1CkbZrT2XtuZ+AaqmuKTWSo="
    },
    "methods": {
      "version": "https://registry.npmjs.org/methods/-/methods-0.0.1.tgz",
      "integrity": "sha1-J3yQ+L7zlwlkWoNxxRw7bGSOBow="
    },
    "mime": {
      "version": "https://registry.npmjs.org/mime/-/mime-1.2.11.tgz",
      "integrity": "sha1-WCA+7Ybjpe8XrtK32evUfwpg3RA="
    },
    "mkdirp": {
      "version": "https://registry.npmjs.org/mkdirp/-/mkdirp-0.3.5.tgz",
      "integrity": "sha1-3j5fiWHIjHh+4TaN+EmsRBPsqNc="
    },
    "ms": {
      "version": "https://registry.npmjs.org/ms/-/ms-0.7.3.tgz",
      "integrity": "sha1-cIFVpeROM/X9D8U+gdDUCpG+H/8="
    },
    "pause": {
      "version": "https://registry.npmjs.org/pause/-/pause-0.0.1.tgz",
      "integrity": "sha1-HUCLP9t2kjuVQ9lvtMnf1TXZy10="
    },
    "qs": {
      "version": "https://registry.npmjs.org/qs/-/qs-0.6.5.tgz",
      "integrity": "sha1-KUsmjksNQlD23eGbO4s0k13/FO8="
    },
    "range-parser": {
      "version": "https://registry.npmjs.org/range-parser/-/range-parser-0.0.4.tgz",
      "integrity": "sha1-wEJ//vUcEKy6B4KkbJYC50T/Ygs="
    },
    "send": {
      "version": "https://registry.npmjs.org/send/-/send-0.1.4.tgz",
      "integrity": "sha1-vnDY0b4B3mGCGvE3gLUDRaT3Gr0="
    },
    "uid2": {
      "version": "https://registry.npmjs.org/uid2/-/uid2-0.0.2.tgz",
      "integrity": "sha1-EH+xVcgsETZiB5ftTIjPKwj2qrg="
    }
  }
}
